{
  "name": "backend",
  "version": "1.0.0",
  "lockfileVersion": 3,
  "requires": true,
  "packages": {
    "": {
      "name": "backend",
      "version": "1.0.0",
      "license": "ISC",
      "dependencies": {
        "@elysiajs/bearer": "^1.3.0",
        "@elysiajs/cors": "^1.3.3",
        "@elysiajs/html": "^1.3.0",
        "@elysiajs/jwt": "^1.3.2",
        "@elysiajs/static": "^1.3.0",
        "@elysiajs/swagger": "^1.3.1",
        "dotenv": "^17.2.0",
        "elysia": "^1.3.5"
      },
      "devDependencies": {
        "@types/node": "^24.0.15",
        "tsx": "^4.20.3",
        "typescript": "^5.8.3"
      }
    },
    "node_modules/@elysiajs/bearer": {
      "version": "1.3.0",
      "resolved": "https://registry.npmjs.org/@elysiajs/bearer/-/bearer-1.3.0.tgz",
      "integrity": "sha512-isi/dxBgXdITDtrzC152uPrGicbjjuAkKwawGhIlHiughnnm0k7fEfDk7atiGYp0g21+/qZU2jhaxEx609wtLQ==",
      "peerDependencies": {
        "elysia": ">= 1.3.0"
      }
    },
    "node_modules/@elysiajs/cors": {
      "version": "1.3.3",
      "resolved": "https://registry.npmjs.org/@elysiajs/cors/-/cors-1.3.3.tgz",
      "integrity": "sha512-mYIU6PyMM6xIJuj7d27Vt0/wuzVKIEnFPjcvlkyd7t/m9xspAG37cwNjFxVOnyvY43oOd2I/oW2DB85utXpA2Q==",
      "peerDependencies": {
        "elysia": ">= 1.3.0"
      }
    },
    "node_modules/@elysiajs/html": {
      "version": "1.3.0",
      "resolved": "https://registry.npmjs.org/@elysiajs/html/-/html-1.3.0.tgz",
      "integrity": "sha512-NpujllWwiEXdsX8GJhbBppOv7+aJr+OU7Gn3K8fVXpwieutwau0/B/M6vzjYXsh9OaoGByUTpL8U9rA/tVSn7w==",
      "dependencies": {
        "@kitajs/html": "^4.1.0",
        "@kitajs/ts-html-plugin": "^4.0.1"
      },
      "peerDependencies": {
        "elysia": ">= 1.3.0"
      },
      "peerDependenciesMeta": {
        "@kitajs/html": {
          "optional": true
        },
        "@kitajs/ts-html-plugin": {
          "optional": true
        }
      }
    },
    "node_modules/@elysiajs/jwt": {
      "version": "1.3.2",
      "resolved": "https://registry.npmjs.org/@elysiajs/jwt/-/jwt-1.3.2.tgz",
      "integrity": "sha512-1Ysb+THWmwy/AKqn9Q1SaBeYK6f499VEVV0E+YifKQjadJT5W+0qKhncOdfqrb4NufUtd65BxULdPQGKJwYo1Q==",
      "dependencies": {
        "jose": "^6.0.11"
      },
      "peerDependencies": {
        "elysia": ">= 1.3.0"
      }
    },
    "node_modules/@elysiajs/static": {
      "version": "1.3.0",
      "resolved": "https://registry.npmjs.org/@elysiajs/static/-/static-1.3.0.tgz",
      "integrity": "sha512-7mWlj2U/AZvH27IfRKqpUjDP1W9ZRldF9NmdnatFEtx0AOy7YYgyk0rt5hXrH6wPcR//2gO2Qy+k5rwswpEhJA==",
      "dependencies": {
        "node-cache": "^5.1.2"
      },
      "peerDependencies": {
        "elysia": ">= 1.3.0"
      }
    },
    "node_modules/@elysiajs/swagger": {
      "version": "1.3.1",
      "resolved": "https://registry.npmjs.org/@elysiajs/swagger/-/swagger-1.3.1.tgz",
      "integrity": "sha512-LcbLHa0zE6FJKWPWKsIC/f+62wbDv3aXydqcNPVPyqNcaUgwvCajIi+5kHEU6GO3oXUCpzKaMsb3gsjt8sLzFQ==",
      "dependencies": {
        "@scalar/themes": "^0.9.52",
        "@scalar/types": "^0.0.12",
        "openapi-types": "^12.1.3",
        "pathe": "^1.1.2"
      },
      "peerDependencies": {
        "elysia": ">= 1.3.0"
      }
    },
    "node_modules/@esbuild/aix-ppc64": {
      "version": "0.25.8",
      "resolved": "https://registry.npmjs.org/@esbuild/aix-ppc64/-/aix-ppc64-0.25.8.tgz",
      "integrity": "sha512-urAvrUedIqEiFR3FYSLTWQgLu5tb+m0qZw0NBEasUeo6wuqatkMDaRT+1uABiGXEu5vqgPd7FGE1BhsAIy9QVA==",
      "cpu": [
        "ppc64"
      ],
      "dev": true,
      "optional": true,
      "os": [
        "aix"
      ],
      "engines": {
        "node": ">=18"
      }
    },
    "node_modules/@esbuild/android-arm": {
      "version": "0.25.8",
      "resolved": "https://registry.npmjs.org/@esbuild/android-arm/-/android-arm-0.25.8.tgz",
      "integrity": "sha512-RONsAvGCz5oWyePVnLdZY/HHwA++nxYWIX1atInlaW6SEkwq6XkP3+cb825EUcRs5Vss/lGh/2YxAb5xqc07Uw==",
      "cpu": [
        "arm"
      ],
      "dev": true,
      "optional": true,
      "os": [
        "android"
      ],
      "engines": {
        "node": ">=18"
      }
    },
    "node_modules/@esbuild/android-arm64": {
      "version": "0.25.8",
      "resolved": "https://registry.npmjs.org/@esbuild/android-arm64/-/android-arm64-0.25.8.tgz",
      "integrity": "sha512-OD3p7LYzWpLhZEyATcTSJ67qB5D+20vbtr6vHlHWSQYhKtzUYrETuWThmzFpZtFsBIxRvhO07+UgVA9m0i/O1w==",
      "cpu": [
        "arm64"
      ],
      "dev": true,
      "optional": true,
      "os": [
        "android"
      ],
      "engines": {
        "node": ">=18"
      }
    },
    "node_modules/@esbuild/android-x64": {
      "version": "0.25.8",
      "resolved": "https://registry.npmjs.org/@esbuild/android-x64/-/android-x64-0.25.8.tgz",
      "integrity": "sha512-yJAVPklM5+4+9dTeKwHOaA+LQkmrKFX96BM0A/2zQrbS6ENCmxc4OVoBs5dPkCCak2roAD+jKCdnmOqKszPkjA==",
      "cpu": [
        "x64"
      ],
      "dev": true,
      "optional": true,
      "os": [
        "android"
      ],
      "engines": {
        "node": ">=18"
      }
    },
    "node_modules/@esbuild/darwin-arm64": {
      "version": "0.25.8",
      "resolved": "https://registry.npmjs.org/@esbuild/darwin-arm64/-/darwin-arm64-0.25.8.tgz",
      "integrity": "sha512-Jw0mxgIaYX6R8ODrdkLLPwBqHTtYHJSmzzd+QeytSugzQ0Vg4c5rDky5VgkoowbZQahCbsv1rT1KW72MPIkevw==",
      "cpu": [
        "arm64"
      ],
      "dev": true,
      "optional": true,
      "os": [
        "darwin"
      ],
      "engines": {
        "node": ">=18"
      }
    },
    "node_modules/@esbuild/darwin-x64": {
      "version": "0.25.8",
      "resolved": "https://registry.npmjs.org/@esbuild/darwin-x64/-/darwin-x64-0.25.8.tgz",
      "integrity": "sha512-Vh2gLxxHnuoQ+GjPNvDSDRpoBCUzY4Pu0kBqMBDlK4fuWbKgGtmDIeEC081xi26PPjn+1tct+Bh8FjyLlw1Zlg==",
      "cpu": [
        "x64"
      ],
      "dev": true,
      "optional": true,
      "os": [
        "darwin"
      ],
      "engines": {
        "node": ">=18"
      }
    },
    "node_modules/@esbuild/freebsd-arm64": {
      "version": "0.25.8",
      "resolved": "https://registry.npmjs.org/@esbuild/freebsd-arm64/-/freebsd-arm64-0.25.8.tgz",
      "integrity": "sha512-YPJ7hDQ9DnNe5vxOm6jaie9QsTwcKedPvizTVlqWG9GBSq+BuyWEDazlGaDTC5NGU4QJd666V0yqCBL2oWKPfA==",
      "cpu": [
        "arm64"
      ],
      "dev": true,
      "optional": true,
      "os": [
        "freebsd"
      ],
      "engines": {
        "node": ">=18"
      }
    },
    "node_modules/@esbuild/freebsd-x64": {
      "version": "0.25.8",
      "resolved": "https://registry.npmjs.org/@esbuild/freebsd-x64/-/freebsd-x64-0.25.8.tgz",
      "integrity": "sha512-MmaEXxQRdXNFsRN/KcIimLnSJrk2r5H8v+WVafRWz5xdSVmWLoITZQXcgehI2ZE6gioE6HirAEToM/RvFBeuhw==",
      "cpu": [
        "x64"
      ],
      "dev": true,
      "optional": true,
      "os": [
        "freebsd"
      ],
      "engines": {
        "node": ">=18"
      }
    },
    "node_modules/@esbuild/linux-arm": {
      "version": "0.25.8",
      "resolved": "https://registry.npmjs.org/@esbuild/linux-arm/-/linux-arm-0.25.8.tgz",
      "integrity": "sha512-FuzEP9BixzZohl1kLf76KEVOsxtIBFwCaLupVuk4eFVnOZfU+Wsn+x5Ryam7nILV2pkq2TqQM9EZPsOBuMC+kg==",
      "cpu": [
        "arm"
      ],
      "dev": true,
      "optional": true,
      "os": [
        "linux"
      ],
      "engines": {
        "node": ">=18"
      }
    },
    "node_modules/@esbuild/linux-arm64": {
      "version": "0.25.8",
      "resolved": "https://registry.npmjs.org/@esbuild/linux-arm64/-/linux-arm64-0.25.8.tgz",
      "integrity": "sha512-WIgg00ARWv/uYLU7lsuDK00d/hHSfES5BzdWAdAig1ioV5kaFNrtK8EqGcUBJhYqotlUByUKz5Qo6u8tt7iD/w==",
      "cpu": [
        "arm64"
      ],
      "dev": true,
      "optional": true,
      "os": [
        "linux"
      ],
      "engines": {
        "node": ">=18"
      }
    },
    "node_modules/@esbuild/linux-ia32": {
      "version": "0.25.8",
      "resolved": "https://registry.npmjs.org/@esbuild/linux-ia32/-/linux-ia32-0.25.8.tgz",
      "integrity": "sha512-A1D9YzRX1i+1AJZuFFUMP1E9fMaYY+GnSQil9Tlw05utlE86EKTUA7RjwHDkEitmLYiFsRd9HwKBPEftNdBfjg==",
      "cpu": [
        "ia32"
      ],
      "dev": true,
      "optional": true,
      "os": [
        "linux"
      ],
      "engines": {
        "node": ">=18"
      }
    },
    "node_modules/@esbuild/linux-loong64": {
      "version": "0.25.8",
      "resolved": "https://registry.npmjs.org/@esbuild/linux-loong64/-/linux-loong64-0.25.8.tgz",
      "integrity": "sha512-O7k1J/dwHkY1RMVvglFHl1HzutGEFFZ3kNiDMSOyUrB7WcoHGf96Sh+64nTRT26l3GMbCW01Ekh/ThKM5iI7hQ==",
      "cpu": [
        "loong64"
      ],
      "dev": true,
      "optional": true,
      "os": [
        "linux"
      ],
      "engines": {
        "node": ">=18"
      }
    },
    "node_modules/@esbuild/linux-mips64el": {
      "version": "0.25.8",
      "resolved": "https://registry.npmjs.org/@esbuild/linux-mips64el/-/linux-mips64el-0.25.8.tgz",
      "integrity": "sha512-uv+dqfRazte3BzfMp8PAQXmdGHQt2oC/y2ovwpTteqrMx2lwaksiFZ/bdkXJC19ttTvNXBuWH53zy/aTj1FgGw==",
      "cpu": [
        "mips64el"
      ],
      "dev": true,
      "optional": true,
      "os": [
        "linux"
      ],
      "engines": {
        "node": ">=18"
      }
    },
    "node_modules/@esbuild/linux-ppc64": {
      "version": "0.25.8",
      "resolved": "https://registry.npmjs.org/@esbuild/linux-ppc64/-/linux-ppc64-0.25.8.tgz",
      "integrity": "sha512-GyG0KcMi1GBavP5JgAkkstMGyMholMDybAf8wF5A70CALlDM2p/f7YFE7H92eDeH/VBtFJA5MT4nRPDGg4JuzQ==",
      "cpu": [
        "ppc64"
      ],
      "dev": true,
      "optional": true,
      "os": [
        "linux"
      ],
      "engines": {
        "node": ">=18"
      }
    },
    "node_modules/@esbuild/linux-riscv64": {
      "version": "0.25.8",
      "resolved": "https://registry.npmjs.org/@esbuild/linux-riscv64/-/linux-riscv64-0.25.8.tgz",
      "integrity": "sha512-rAqDYFv3yzMrq7GIcen3XP7TUEG/4LK86LUPMIz6RT8A6pRIDn0sDcvjudVZBiiTcZCY9y2SgYX2lgK3AF+1eg==",
      "cpu": [
        "riscv64"
      ],
      "dev": true,
      "optional": true,
      "os": [
        "linux"
      ],
      "engines": {
        "node": ">=18"
      }
    },
    "node_modules/@esbuild/linux-s390x": {
      "version": "0.25.8",
      "resolved": "https://registry.npmjs.org/@esbuild/linux-s390x/-/linux-s390x-0.25.8.tgz",
      "integrity": "sha512-Xutvh6VjlbcHpsIIbwY8GVRbwoviWT19tFhgdA7DlenLGC/mbc3lBoVb7jxj9Z+eyGqvcnSyIltYUrkKzWqSvg==",
      "cpu": [
        "s390x"
      ],
      "dev": true,
      "optional": true,
      "os": [
        "linux"
      ],
      "engines": {
        "node": ">=18"
      }
    },
    "node_modules/@esbuild/linux-x64": {
      "version": "0.25.8",
      "resolved": "https://registry.npmjs.org/@esbuild/linux-x64/-/linux-x64-0.25.8.tgz",
      "integrity": "sha512-ASFQhgY4ElXh3nDcOMTkQero4b1lgubskNlhIfJrsH5OKZXDpUAKBlNS0Kx81jwOBp+HCeZqmoJuihTv57/jvQ==",
      "cpu": [
        "x64"
      ],
      "dev": true,
      "optional": true,
      "os": [
        "linux"
      ],
      "engines": {
        "node": ">=18"
      }
    },
    "node_modules/@esbuild/netbsd-arm64": {
      "version": "0.25.8",
      "resolved": "https://registry.npmjs.org/@esbuild/netbsd-arm64/-/netbsd-arm64-0.25.8.tgz",
      "integrity": "sha512-d1KfruIeohqAi6SA+gENMuObDbEjn22olAR7egqnkCD9DGBG0wsEARotkLgXDu6c4ncgWTZJtN5vcgxzWRMzcw==",
      "cpu": [
        "arm64"
      ],
      "dev": true,
      "optional": true,
      "os": [
        "netbsd"
      ],
      "engines": {
        "node": ">=18"
      }
    },
    "node_modules/@esbuild/netbsd-x64": {
      "version": "0.25.8",
      "resolved": "https://registry.npmjs.org/@esbuild/netbsd-x64/-/netbsd-x64-0.25.8.tgz",
      "integrity": "sha512-nVDCkrvx2ua+XQNyfrujIG38+YGyuy2Ru9kKVNyh5jAys6n+l44tTtToqHjino2My8VAY6Lw9H7RI73XFi66Cg==",
      "cpu": [
        "x64"
      ],
      "dev": true,
      "optional": true,
      "os": [
        "netbsd"
      ],
      "engines": {
        "node": ">=18"
      }
    },
    "node_modules/@esbuild/openbsd-arm64": {
      "version": "0.25.8",
      "resolved": "https://registry.npmjs.org/@esbuild/openbsd-arm64/-/openbsd-arm64-0.25.8.tgz",
      "integrity": "sha512-j8HgrDuSJFAujkivSMSfPQSAa5Fxbvk4rgNAS5i3K+r8s1X0p1uOO2Hl2xNsGFppOeHOLAVgYwDVlmxhq5h+SQ==",
      "cpu": [
        "arm64"
      ],
      "dev": true,
      "optional": true,
      "os": [
        "openbsd"
      ],
      "engines": {
        "node": ">=18"
      }
    },
    "node_modules/@esbuild/openbsd-x64": {
      "version": "0.25.8",
      "resolved": "https://registry.npmjs.org/@esbuild/openbsd-x64/-/openbsd-x64-0.25.8.tgz",
      "integrity": "sha512-1h8MUAwa0VhNCDp6Af0HToI2TJFAn1uqT9Al6DJVzdIBAd21m/G0Yfc77KDM3uF3T/YaOgQq3qTJHPbTOInaIQ==",
      "cpu": [
        "x64"
      ],
      "dev": true,
      "optional": true,
      "os": [
        "openbsd"
      ],
      "engines": {
        "node": ">=18"
      }
    },
    "node_modules/@esbuild/openharmony-arm64": {
      "version": "0.25.8",
      "resolved": "https://registry.npmjs.org/@esbuild/openharmony-arm64/-/openharmony-arm64-0.25.8.tgz",
      "integrity": "sha512-r2nVa5SIK9tSWd0kJd9HCffnDHKchTGikb//9c7HX+r+wHYCpQrSgxhlY6KWV1nFo1l4KFbsMlHk+L6fekLsUg==",
      "cpu": [
        "arm64"
      ],
      "dev": true,
      "optional": true,
      "os": [
        "openharmony"
      ],
      "engines": {
        "node": ">=18"
      }
    },
    "node_modules/@esbuild/sunos-x64": {
      "version": "0.25.8",
      "resolved": "https://registry.npmjs.org/@esbuild/sunos-x64/-/sunos-x64-0.25.8.tgz",
      "integrity": "sha512-zUlaP2S12YhQ2UzUfcCuMDHQFJyKABkAjvO5YSndMiIkMimPmxA+BYSBikWgsRpvyxuRnow4nS5NPnf9fpv41w==",
      "cpu": [
        "x64"
      ],
      "dev": true,
      "optional": true,
      "os": [
        "sunos"
      ],
      "engines": {
        "node": ">=18"
      }
    },
    "node_modules/@esbuild/win32-arm64": {
      "version": "0.25.8",
      "resolved": "https://registry.npmjs.org/@esbuild/win32-arm64/-/win32-arm64-0.25.8.tgz",
      "integrity": "sha512-YEGFFWESlPva8hGL+zvj2z/SaK+pH0SwOM0Nc/d+rVnW7GSTFlLBGzZkuSU9kFIGIo8q9X3ucpZhu8PDN5A2sQ==",
      "cpu": [
        "arm64"
      ],
      "dev": true,
      "optional": true,
      "os": [
        "win32"
      ],
      "engines": {
        "node": ">=18"
      }
    },
    "node_modules/@esbuild/win32-ia32": {
      "version": "0.25.8",
      "resolved": "https://registry.npmjs.org/@esbuild/win32-ia32/-/win32-ia32-0.25.8.tgz",
      "integrity": "sha512-hiGgGC6KZ5LZz58OL/+qVVoZiuZlUYlYHNAmczOm7bs2oE1XriPFi5ZHHrS8ACpV5EjySrnoCKmcbQMN+ojnHg==",
      "cpu": [
        "ia32"
      ],
      "dev": true,
      "optional": true,
      "os": [
        "win32"
      ],
      "engines": {
        "node": ">=18"
      }
    },
    "node_modules/@esbuild/win32-x64": {
      "version": "0.25.8",
      "resolved": "https://registry.npmjs.org/@esbuild/win32-x64/-/win32-x64-0.25.8.tgz",
      "integrity": "sha512-cn3Yr7+OaaZq1c+2pe+8yxC8E144SReCQjN6/2ynubzYjvyqZjTXfQJpAcQpsdJq3My7XADANiYGHoFC69pLQw==",
      "cpu": [
        "x64"
      ],
      "dev": true,
      "optional": true,
      "os": [
        "win32"
      ],
      "engines": {
        "node": ">=18"
      }
    },
    "node_modules/@kitajs/html": {
      "version": "4.2.9",
      "resolved": "https://registry.npmjs.org/@kitajs/html/-/html-4.2.9.tgz",
      "integrity": "sha512-FDHHf5Mi5nR0D+Btq86IV1O9XfsePVCiC5rwU4PXjw2aHja16FmIiwLZBO0CS16rJxKkibjMldyRLAW2ni2mzA==",
      "dependencies": {
        "csstype": "^3.1.3"
      },
      "engines": {
        "node": ">=12"
      },
      "funding": {
        "url": "https://github.com/kitajs/html?sponsor=1"
      }
    },
    "node_modules/@kitajs/ts-html-plugin": {
      "version": "4.1.1",
      "resolved": "https://registry.npmjs.org/@kitajs/ts-html-plugin/-/ts-html-plugin-4.1.1.tgz",
      "integrity": "sha512-wmjyV8hmJmDOnUM/ZyPkc0UBYgUYmf32/93rkW8wr8h+HiHVMU0tEKFnmRdBjTcy9jwoC9Bnt2NuzS9l67lq5g==",
      "dependencies": {
        "chalk": "^4.1.2",
        "tslib": "^2.8.1",
        "yargs": "^17.7.2"
      },
      "bin": {
        "ts-html-plugin": "dist/cli.js",
        "xss-scan": "dist/cli.js"
      },
      "funding": {
        "url": "https://github.com/kitajs/html?sponsor=1"
      },
      "peerDependencies": {
        "@kitajs/html": "^4.2.5",
        "typescript": "^5.6.2"
      }
    },
    "node_modules/@scalar/openapi-types": {
      "version": "0.1.1",
      "resolved": "https://registry.npmjs.org/@scalar/openapi-types/-/openapi-types-0.1.1.tgz",
      "integrity": "sha512-NMy3QNk6ytcCoPUGJH0t4NNr36OWXgZhA3ormr3TvhX1NDgoF95wFyodGVH8xiHeUyn2/FxtETm8UBLbB5xEmg==",
      "engines": {
        "node": ">=18"
      }
    },
    "node_modules/@scalar/themes": {
      "version": "0.9.86",
      "resolved": "https://registry.npmjs.org/@scalar/themes/-/themes-0.9.86.tgz",
      "integrity": "sha512-QUHo9g5oSWi+0Lm1vJY9TaMZRau8LHg+vte7q5BVTBnu6NuQfigCaN+ouQ73FqIVd96TwMO6Db+dilK1B+9row==",
      "dependencies": {
        "@scalar/types": "0.1.7"
      },
      "engines": {
        "node": ">=18"
      }
    },
    "node_modules/@scalar/themes/node_modules/@scalar/openapi-types": {
      "version": "0.2.0",
      "resolved": "https://registry.npmjs.org/@scalar/openapi-types/-/openapi-types-0.2.0.tgz",
      "integrity": "sha512-waiKk12cRCqyUCWTOX0K1WEVX46+hVUK+zRPzAahDJ7G0TApvbNkuy5wx7aoUyEk++HHde0XuQnshXnt8jsddA==",
      "dependencies": {
        "zod": "^3.23.8"
      },
      "engines": {
        "node": ">=18"
      }
    },
    "node_modules/@scalar/themes/node_modules/@scalar/types": {
      "version": "0.1.7",
      "resolved": "https://registry.npmjs.org/@scalar/types/-/types-0.1.7.tgz",
      "integrity": "sha512-irIDYzTQG2KLvFbuTI8k2Pz/R4JR+zUUSykVTbEMatkzMmVFnn1VzNSMlODbadycwZunbnL2tA27AXed9URVjw==",
      "dependencies": {
        "@scalar/openapi-types": "0.2.0",
        "@unhead/schema": "^1.11.11",
        "nanoid": "^5.1.5",
        "type-fest": "^4.20.0",
        "zod": "^3.23.8"
      },
      "engines": {
        "node": ">=18"
      }
    },
    "node_modules/@scalar/types": {
      "version": "0.0.12",
      "resolved": "https://registry.npmjs.org/@scalar/types/-/types-0.0.12.tgz",
      "integrity": "sha512-XYZ36lSEx87i4gDqopQlGCOkdIITHHEvgkuJFrXFATQs9zHARop0PN0g4RZYWj+ZpCUclOcaOjbCt8JGe22mnQ==",
      "dependencies": {
        "@scalar/openapi-types": "0.1.1",
        "@unhead/schema": "^1.9.5"
      },
      "engines": {
        "node": ">=18"
      }
    },
    "node_modules/@sinclair/typebox": {
      "version": "0.34.38",
      "resolved": "https://registry.npmjs.org/@sinclair/typebox/-/typebox-0.34.38.tgz",
      "integrity": "sha512-HpkxMmc2XmZKhvaKIZZThlHmx1L0I/V1hWK1NubtlFnr6ZqdiOpV72TKudZUNQjZNsyDBay72qFEhEvb+bcwcA==",
      "optional": true
    },
    "node_modules/@tokenizer/inflate": {
      "version": "0.2.7",
      "resolved": "https://registry.npmjs.org/@tokenizer/inflate/-/inflate-0.2.7.tgz",
      "integrity": "sha512-MADQgmZT1eKjp06jpI2yozxaU9uVs4GzzgSL+uEq7bVcJ9V1ZXQkeGNql1fsSI0gMy1vhvNTNbUqrx+pZfJVmg==",
      "peer": true,
      "dependencies": {
        "debug": "^4.4.0",
        "fflate": "^0.8.2",
        "token-types": "^6.0.0"
      },
      "engines": {
        "node": ">=18"
      },
      "funding": {
        "type": "github",
        "url": "https://github.com/sponsors/Borewit"
      }
    },
    "node_modules/@tokenizer/token": {
      "version": "0.3.0",
      "resolved": "https://registry.npmjs.org/@tokenizer/token/-/token-0.3.0.tgz",
      "integrity": "sha512-OvjF+z51L3ov0OyAU0duzsYuvO01PH7x4t6DJx+guahgTnBHkhJdG7soQeTSFLWN3efnHyibZ4Z8l2EuWwJN3A==",
      "peer": true
    },
    "node_modules/@types/node": {
      "version": "24.0.15",
      "resolved": "https://registry.npmjs.org/@types/node/-/node-24.0.15.tgz",
      "integrity": "sha512-oaeTSbCef7U/z7rDeJA138xpG3NuKc64/rZ2qmUFkFJmnMsAPaluIifqyWd8hSSMxyP9oie3dLAqYPblag9KgA==",
      "dev": true,
      "dependencies": {
        "undici-types": "~7.8.0"
      }
    },
    "node_modules/@unhead/schema": {
      "version": "1.11.20",
      "resolved": "https://registry.npmjs.org/@unhead/schema/-/schema-1.11.20.tgz",
      "integrity": "sha512-0zWykKAaJdm+/Y7yi/Yds20PrUK7XabLe9c3IRcjnwYmSWY6z0Cr19VIs3ozCj8P+GhR+/TI2mwtGlueCEYouA==",
      "dependencies": {
        "hookable": "^5.5.3",
        "zhead": "^2.2.4"
      },
      "funding": {
        "url": "https://github.com/sponsors/harlan-zw"
      }
    },
    "node_modules/ansi-regex": {
      "version": "5.0.1",
      "resolved": "https://registry.npmjs.org/ansi-regex/-/ansi-regex-5.0.1.tgz",
      "integrity": "sha512-quJQXlTSUGL2LH9SUXo8VwsY4soanhgo6LNSm84E1LBcE8s3O0wpdiRzyR9z/ZZJMlMWv37qOOb9pdJlMUEKFQ==",
      "engines": {
        "node": ">=8"
      }
    },
    "node_modules/ansi-styles": {
      "version": "4.3.0",
      "resolved": "https://registry.npmjs.org/ansi-styles/-/ansi-styles-4.3.0.tgz",
      "integrity": "sha512-zbB9rCJAT1rbjiVDb2hqKFHNYLxgtk8NURxZ3IZwD3F6NtxbXZQCnnSi1Lkx+IDohdPlFp222wVALIheZJQSEg==",
      "dependencies": {
        "color-convert": "^2.0.1"
      },
      "engines": {
        "node": ">=8"
      },
      "funding": {
        "url": "https://github.com/chalk/ansi-styles?sponsor=1"
      }
    },
    "node_modules/chalk": {
      "version": "4.1.2",
      "resolved": "https://registry.npmjs.org/chalk/-/chalk-4.1.2.tgz",
      "integrity": "sha512-oKnbhFyRIXpUuez8iBMmyEa4nbj4IOQyuhc/wy9kY7/WVPcwIO9VA668Pu8RkO7+0G76SLROeyw9CpQ061i4mA==",
      "dependencies": {
        "ansi-styles": "^4.1.0",
        "supports-color": "^7.1.0"
      },
      "engines": {
        "node": ">=10"
      },
      "funding": {
        "url": "https://github.com/chalk/chalk?sponsor=1"
      }
    },
    "node_modules/cliui": {
      "version": "8.0.1",
      "resolved": "https://registry.npmjs.org/cliui/-/cliui-8.0.1.tgz",
      "integrity": "sha512-BSeNnyus75C4//NQ9gQt1/csTXyo/8Sb+afLAkzAptFuMsod9HFokGNudZpi/oQV73hnVK+sR+5PVRMd+Dr7YQ==",
      "dependencies": {
        "string-width": "^4.2.0",
        "strip-ansi": "^6.0.1",
        "wrap-ansi": "^7.0.0"
      },
      "engines": {
        "node": ">=12"
      }
    },
    "node_modules/clone": {
      "version": "2.1.2",
      "resolved": "https://registry.npmjs.org/clone/-/clone-2.1.2.tgz",
      "integrity": "sha512-3Pe/CF1Nn94hyhIYpjtiLhdCoEoz0DqQ+988E9gmeEdQZlojxnOb74wctFyuwWQHzqyf9X7C7MG8juUpqBJT8w==",
      "engines": {
        "node": ">=0.8"
      }
    },
    "node_modules/color-convert": {
      "version": "2.0.1",
      "resolved": "https://registry.npmjs.org/color-convert/-/color-convert-2.0.1.tgz",
      "integrity": "sha512-RRECPsj7iu/xb5oKYcsFHSppFNnsj/52OVTRKb4zP5onXwVF3zVmmToNcOfGC+CRDpfK/U584fMg38ZHCaElKQ==",
      "dependencies": {
        "color-name": "~1.1.4"
      },
      "engines": {
        "node": ">=7.0.0"
      }
    },
    "node_modules/color-name": {
      "version": "1.1.4",
      "resolved": "https://registry.npmjs.org/color-name/-/color-name-1.1.4.tgz",
      "integrity": "sha512-dOy+3AuW3a2wNbZHIuMZpTcgjGuLU/uBL/ubcZF9OXbDo8ff4O8yVp5Bf0efS8uEoYo5q4Fx7dY9OgQGXgAsQA=="
    },
    "node_modules/cookie": {
      "version": "1.0.2",
      "resolved": "https://registry.npmjs.org/cookie/-/cookie-1.0.2.tgz",
      "integrity": "sha512-9Kr/j4O16ISv8zBBhJoi4bXOYNTkFLOqSL3UDB0njXxCXNezjeyVrJyGOWtgfs/q2km1gwBcfH8q1yEGoMYunA==",
      "engines": {
        "node": ">=18"
      }
    },
    "node_modules/csstype": {
      "version": "3.1.3",
      "resolved": "https://registry.npmjs.org/csstype/-/csstype-3.1.3.tgz",
      "integrity": "sha512-M1uQkMl8rQK/szD0LNhtqxIPLpimGm8sOBwU7lLnCpSbTyY3yeU1Vc7l4KT5zT4s/yOxHH5O7tIuuLOCnLADRw=="
    },
    "node_modules/debug": {
      "version": "4.4.1",
      "resolved": "https://registry.npmjs.org/debug/-/debug-4.4.1.tgz",
      "integrity": "sha512-KcKCqiftBJcZr++7ykoDIEwSa3XWowTfNPo92BYxjXiyYEVrUQh2aLyhxBCwww+heortUFxEJYcRzosstTEBYQ==",
      "peer": true,
      "dependencies": {
        "ms": "^2.1.3"
      },
      "engines": {
        "node": ">=6.0"
      },
      "peerDependenciesMeta": {
        "supports-color": {
          "optional": true
        }
      }
    },
    "node_modules/dotenv": {
      "version": "17.2.0",
      "resolved": "https://registry.npmjs.org/dotenv/-/dotenv-17.2.0.tgz",
      "integrity": "sha512-Q4sgBT60gzd0BB0lSyYD3xM4YxrXA9y4uBDof1JNYGzOXrQdQ6yX+7XIAqoFOGQFOTK1D3Hts5OllpxMDZFONQ==",
      "engines": {
        "node": ">=12"
      },
      "funding": {
        "url": "https://dotenvx.com"
      }
    },
    "node_modules/elysia": {
      "version": "1.3.5",
      "resolved": "https://registry.npmjs.org/elysia/-/elysia-1.3.5.tgz",
      "integrity": "sha512-XVIKXlKFwUT7Sta8GY+wO5reD9I0rqAEtaz1Z71UgJb61csYt8Q3W9al8rtL5RgumuRR8e3DNdzlUN9GkC4KDw==",
      "dependencies": {
        "cookie": "^1.0.2",
        "exact-mirror": "0.1.2",
        "fast-decode-uri-component": "^1.0.1"
      },
      "optionalDependencies": {
        "@sinclair/typebox": "^0.34.33",
        "openapi-types": "^12.1.3"
      },
      "peerDependencies": {
        "@sinclair/typebox": ">= 0.34.0",
        "exact-mirror": ">= 0.0.9",
        "file-type": ">= 20.0.0",
        "openapi-types": ">= 12.0.0",
        "typescript": ">= 5.0.0"
      }
    },
    "node_modules/emoji-regex": {
      "version": "8.0.0",
      "resolved": "https://registry.npmjs.org/emoji-regex/-/emoji-regex-8.0.0.tgz",
      "integrity": "sha512-MSjYzcWNOA0ewAHpz0MxpYFvwg6yjy1NG3xteoqz644VCo/RPgnr1/GGt+ic3iJTzQ8Eu3TdM14SawnVUmGE6A=="
    },
    "node_modules/esbuild": {
      "version": "0.25.8",
      "resolved": "https://registry.npmjs.org/esbuild/-/esbuild-0.25.8.tgz",
      "integrity": "sha512-vVC0USHGtMi8+R4Kz8rt6JhEWLxsv9Rnu/lGYbPR8u47B+DCBksq9JarW0zOO7bs37hyOK1l2/oqtbciutL5+Q==",
      "dev": true,
      "hasInstallScript": true,
      "bin": {
        "esbuild": "bin/esbuild"
      },
      "engines": {
        "node": ">=18"
      },
      "optionalDependencies": {
        "@esbuild/aix-ppc64": "0.25.8",
        "@esbuild/android-arm": "0.25.8",
        "@esbuild/android-arm64": "0.25.8",
        "@esbuild/android-x64": "0.25.8",
        "@esbuild/darwin-arm64": "0.25.8",
        "@esbuild/darwin-x64": "0.25.8",
        "@esbuild/freebsd-arm64": "0.25.8",
        "@esbuild/freebsd-x64": "0.25.8",
        "@esbuild/linux-arm": "0.25.8",
        "@esbuild/linux-arm64": "0.25.8",
        "@esbuild/linux-ia32": "0.25.8",
        "@esbuild/linux-loong64": "0.25.8",
        "@esbuild/linux-mips64el": "0.25.8",
        "@esbuild/linux-ppc64": "0.25.8",
        "@esbuild/linux-riscv64": "0.25.8",
        "@esbuild/linux-s390x": "0.25.8",
        "@esbuild/linux-x64": "0.25.8",
        "@esbuild/netbsd-arm64": "0.25.8",
        "@esbuild/netbsd-x64": "0.25.8",
        "@esbuild/openbsd-arm64": "0.25.8",
        "@esbuild/openbsd-x64": "0.25.8",
        "@esbuild/openharmony-arm64": "0.25.8",
        "@esbuild/sunos-x64": "0.25.8",
        "@esbuild/win32-arm64": "0.25.8",
        "@esbuild/win32-ia32": "0.25.8",
        "@esbuild/win32-x64": "0.25.8"
      }
    },
    "node_modules/escalade": {
      "version": "3.2.0",
      "resolved": "https://registry.npmjs.org/escalade/-/escalade-3.2.0.tgz",
      "integrity": "sha512-WUj2qlxaQtO4g6Pq5c29GTcWGDyd8itL8zTlipgECz3JesAiiOKotd8JU6otB3PACgG6xkJUyVhboMS+bje/jA==",
      "engines": {
        "node": ">=6"
      }
    },
    "node_modules/exact-mirror": {
      "version": "0.1.2",
      "resolved": "https://registry.npmjs.org/exact-mirror/-/exact-mirror-0.1.2.tgz",
      "integrity": "sha512-wFCPCDLmHbKGUb8TOi/IS7jLsgR8WVDGtDK3CzcB4Guf/weq7G+I+DkXiRSZfbemBFOxOINKpraM6ml78vo8Zw==",
      "peerDependencies": {
        "@sinclair/typebox": "^0.34.15"
      },
      "peerDependenciesMeta": {
        "@sinclair/typebox": {
          "optional": true
        }
      }
    },
    "node_modules/fast-decode-uri-component": {
      "version": "1.0.1",
      "resolved": "https://registry.npmjs.org/fast-decode-uri-component/-/fast-decode-uri-component-1.0.1.tgz",
      "integrity": "sha512-WKgKWg5eUxvRZGwW8FvfbaH7AXSh2cL+3j5fMGzUMCxWBJ3dV3a7Wz8y2f/uQ0e3B6WmodD3oS54jTQ9HVTIIg=="
    },
    "node_modules/fflate": {
      "version": "0.8.2",
      "resolved": "https://registry.npmjs.org/fflate/-/fflate-0.8.2.tgz",
      "integrity": "sha512-cPJU47OaAoCbg0pBvzsgpTPhmhqI5eJjh/JIu8tPj5q+T7iLvW/JAYUqmE7KOB4R1ZyEhzBaIQpQpardBF5z8A==",
      "peer": true
    },
    "node_modules/file-type": {
      "version": "21.0.0",
      "resolved": "https://registry.npmjs.org/file-type/-/file-type-21.0.0.tgz",
      "integrity": "sha512-ek5xNX2YBYlXhiUXui3D/BXa3LdqPmoLJ7rqEx2bKJ7EAUEfmXgW0Das7Dc6Nr9MvqaOnIqiPV0mZk/r/UpNAg==",
      "peer": true,
      "dependencies": {
        "@tokenizer/inflate": "^0.2.7",
        "strtok3": "^10.2.2",
        "token-types": "^6.0.0",
        "uint8array-extras": "^1.4.0"
      },
      "engines": {
        "node": ">=20"
      },
      "funding": {
        "url": "https://github.com/sindresorhus/file-type?sponsor=1"
      }
    },
    "node_modules/fsevents": {
      "version": "2.3.3",
      "resolved": "https://registry.npmjs.org/fsevents/-/fsevents-2.3.3.tgz",
      "integrity": "sha512-5xoDfX+fL7faATnagmWPpbFtwh/R77WmMMqqHGS65C3vvB0YHrgF+B1YmZ3441tMj5n63k0212XNoJwzlhffQw==",
      "dev": true,
      "hasInstallScript": true,
      "optional": true,
      "os": [
        "darwin"
      ],
      "engines": {
        "node": "^8.16.0 || ^10.6.0 || >=11.0.0"
      }
    },
    "node_modules/get-caller-file": {
      "version": "2.0.5",
      "resolved": "https://registry.npmjs.org/get-caller-file/-/get-caller-file-2.0.5.tgz",
      "integrity": "sha512-DyFP3BM/3YHTQOCUL/w0OZHR0lpKeGrxotcHWcqNEdnltqFwXVfhEBQ94eIo34AfQpo0rGki4cyIiftY06h2Fg==",
      "engines": {
        "node": "6.* || 8.* || >= 10.*"
      }
    },
    "node_modules/get-tsconfig": {
      "version": "4.10.1",
      "resolved": "https://registry.npmjs.org/get-tsconfig/-/get-tsconfig-4.10.1.tgz",
      "integrity": "sha512-auHyJ4AgMz7vgS8Hp3N6HXSmlMdUyhSUrfBF16w153rxtLIEOE+HGqaBppczZvnHLqQJfiHotCYpNhl0lUROFQ==",
      "dev": true,
      "dependencies": {
        "resolve-pkg-maps": "^1.0.0"
      },
      "funding": {
        "url": "https://github.com/privatenumber/get-tsconfig?sponsor=1"
      }
    },
    "node_modules/has-flag": {
      "version": "4.0.0",
      "resolved": "https://registry.npmjs.org/has-flag/-/has-flag-4.0.0.tgz",
      "integrity": "sha512-EykJT/Q1KjTWctppgIAgfSO0tKVuZUjhgMr17kqTumMl6Afv3EISleU7qZUzoXDFTAHTDC4NOoG/ZxU3EvlMPQ==",
      "engines": {
        "node": ">=8"
      }
    },
    "node_modules/hookable": {
      "version": "5.5.3",
      "resolved": "https://registry.npmjs.org/hookable/-/hookable-5.5.3.tgz",
      "integrity": "sha512-Yc+BQe8SvoXH1643Qez1zqLRmbA5rCL+sSmk6TVos0LWVfNIB7PGncdlId77WzLGSIB5KaWgTaNTs2lNVEI6VQ=="
    },
    "node_modules/ieee754": {
      "version": "1.2.1",
      "resolved": "https://registry.npmjs.org/ieee754/-/ieee754-1.2.1.tgz",
      "integrity": "sha512-dcyqhDvX1C46lXZcVqCpK+FtMRQVdIMN6/Df5js2zouUsqG7I6sFxitIC+7KYK29KdXOLHdu9zL4sFnoVQnqaA==",
      "funding": [
        {
          "type": "github",
          "url": "https://github.com/sponsors/feross"
        },
        {
          "type": "patreon",
          "url": "https://www.patreon.com/feross"
        },
        {
          "type": "consulting",
          "url": "https://feross.org/support"
        }
      ],
      "peer": true
    },
    "node_modules/is-fullwidth-code-point": {
      "version": "3.0.0",
      "resolved": "https://registry.npmjs.org/is-fullwidth-code-point/-/is-fullwidth-code-point-3.0.0.tgz",
      "integrity": "sha512-zymm5+u+sCsSWyD9qNaejV3DFvhCKclKdizYaJUuHA83RLjb7nSuGnddCHGv0hk+KY7BMAlsWeK4Ueg6EV6XQg==",
      "engines": {
        "node": ">=8"
      }
    },
    "node_modules/jose": {
      "version": "6.0.12",
      "resolved": "https://registry.npmjs.org/jose/-/jose-6.0.12.tgz",
      "integrity": "sha512-T8xypXs8CpmiIi78k0E+Lk7T2zlK4zDyg+o1CZ4AkOHgDg98ogdP2BeZ61lTFKFyoEwJ9RgAgN+SdM3iPgNonQ==",
      "funding": {
        "url": "https://github.com/sponsors/panva"
      }
    },
    "node_modules/ms": {
      "version": "2.1.3",
      "resolved": "https://registry.npmjs.org/ms/-/ms-2.1.3.tgz",
      "integrity": "sha512-6FlzubTLZG3J2a/NVCAleEhjzq5oxgHyaCU9yYXvcLsvoVaHJq/s5xXI6/XXP6tz7R9xAOtHnSO/tXtF3WRTlA==",
      "peer": true
    },
    "node_modules/nanoid": {
      "version": "5.1.5",
      "resolved": "https://registry.npmjs.org/nanoid/-/nanoid-5.1.5.tgz",
      "integrity": "sha512-Ir/+ZpE9fDsNH0hQ3C68uyThDXzYcim2EqcZ8zn8Chtt1iylPT9xXJB0kPCnqzgcEGikO9RxSrh63MsmVCU7Fw==",
      "funding": [
        {
          "type": "github",
          "url": "https://github.com/sponsors/ai"
        }
      ],
      "bin": {
        "nanoid": "bin/nanoid.js"
      },
      "engines": {
        "node": "^18 || >=20"
      }
    },
    "node_modules/node-cache": {
      "version": "5.1.2",
      "resolved": "https://registry.npmjs.org/node-cache/-/node-cache-5.1.2.tgz",
      "integrity": "sha512-t1QzWwnk4sjLWaQAS8CHgOJ+RAfmHpxFWmc36IWTiWHQfs0w5JDMBS1b1ZxQteo0vVVuWJvIUKHDkkeK7vIGCg==",
      "dependencies": {
        "clone": "2.x"
      },
      "engines": {
        "node": ">= 8.0.0"
      }
    },
    "node_modules/openapi-types": {
      "version": "12.1.3",
      "resolved": "https://registry.npmjs.org/openapi-types/-/openapi-types-12.1.3.tgz",
      "integrity": "sha512-N4YtSYJqghVu4iek2ZUvcN/0aqH1kRDuNqzcycDxhOUpg7GdvLa2F3DgS6yBNhInhv2r/6I0Flkn7CqL8+nIcw=="
    },
    "node_modules/pathe": {
      "version": "1.1.2",
      "resolved": "https://registry.npmjs.org/pathe/-/pathe-1.1.2.tgz",
      "integrity": "sha512-whLdWMYL2TwI08hn8/ZqAbrVemu0LNaNNJZX73O6qaIdCTfXutsLhMkjdENX0qhsQ9uIimo4/aQOmXkoon2nDQ=="
    },
    "node_modules/require-directory": {
      "version": "2.1.1",
      "resolved": "https://registry.npmjs.org/require-directory/-/require-directory-2.1.1.tgz",
      "integrity": "sha512-fGxEI7+wsG9xrvdjsrlmL22OMTTiHRwAMroiEeMgq8gzoLC/PQr7RsRDSTLUg/bZAZtF+TVIkHc6/4RIKrui+Q==",
      "engines": {
        "node": ">=0.10.0"
      }
    },
    "node_modules/resolve-pkg-maps": {
      "version": "1.0.0",
      "resolved": "https://registry.npmjs.org/resolve-pkg-maps/-/resolve-pkg-maps-1.0.0.tgz",
      "integrity": "sha512-seS2Tj26TBVOC2NIc2rOe2y2ZO7efxITtLZcGSOnHHNOQ7CkiUBfw0Iw2ck6xkIhPwLhKNLS8BO+hEpngQlqzw==",
      "dev": true,
      "funding": {
        "url": "https://github.com/privatenumber/resolve-pkg-maps?sponsor=1"
      }
    },
    "node_modules/string-width": {
      "version": "4.2.3",
      "resolved": "https://registry.npmjs.org/string-width/-/string-width-4.2.3.tgz",
      "integrity": "sha512-wKyQRQpjJ0sIp62ErSZdGsjMJWsap5oRNihHhu6G7JVO/9jIB6UyevL+tXuOqrng8j/cxKTWyWUwvSTriiZz/g==",
      "dependencies": {
        "emoji-regex": "^8.0.0",
        "is-fullwidth-code-point": "^3.0.0",
        "strip-ansi": "^6.0.1"
      },
      "engines": {
        "node": ">=8"
      }
    },
    "node_modules/strip-ansi": {
      "version": "6.0.1",
      "resolved": "https://registry.npmjs.org/strip-ansi/-/strip-ansi-6.0.1.tgz",
      "integrity": "sha512-Y38VPSHcqkFrCpFnQ9vuSXmquuv5oXOKpGeT6aGrr3o3Gc9AlVa6JBfUSOCnbxGGZF+/0ooI7KrPuUSztUdU5A==",
      "dependencies": {
        "ansi-regex": "^5.0.1"
      },
      "engines": {
        "node": ">=8"
      }
    },
    "node_modules/strtok3": {
      "version": "10.3.2",
      "resolved": "https://registry.npmjs.org/strtok3/-/strtok3-10.3.2.tgz",
      "integrity": "sha512-or9w505RhhY66+uoe5YOC5QO/bRuATaoim3XTh+pGKx5VMWi/HDhMKuCjDLsLJouU2zg9Hf1nLPcNW7IHv80kQ==",
      "peer": true,
      "dependencies": {
        "@tokenizer/token": "^0.3.0"
      },
      "engines": {
        "node": ">=18"
      },
      "funding": {
        "type": "github",
        "url": "https://github.com/sponsors/Borewit"
      }
    },
    "node_modules/supports-color": {
      "version": "7.2.0",
      "resolved": "https://registry.npmjs.org/supports-color/-/supports-color-7.2.0.tgz",
      "integrity": "sha512-qpCAvRl9stuOHveKsn7HncJRvv501qIacKzQlO/+Lwxc9+0q2wLyv4Dfvt80/DPn2pqOBsJdDiogXGR9+OvwRw==",
      "dependencies": {
        "has-flag": "^4.0.0"
      },
      "engines": {
        "node": ">=8"
      }
    },
    "node_modules/token-types": {
      "version": "6.0.3",
      "resolved": "https://registry.npmjs.org/token-types/-/token-types-6.0.3.tgz",
      "integrity": "sha512-IKJ6EzuPPWtKtEIEPpIdXv9j5j2LGJEYk0CKY2efgKoYKLBiZdh6iQkLVBow/CB3phyWAWCyk+bZeaimJn6uRQ==",
      "peer": true,
      "dependencies": {
        "@tokenizer/token": "^0.3.0",
        "ieee754": "^1.2.1"
      },
      "engines": {
        "node": ">=14.16"
      },
      "funding": {
        "type": "github",
        "url": "https://github.com/sponsors/Borewit"
      }
    },
    "node_modules/tslib": {
      "version": "2.8.1",
      "resolved": "https://registry.npmjs.org/tslib/-/tslib-2.8.1.tgz",
      "integrity": "sha512-oJFu94HQb+KVduSUQL7wnpmqnfmLsOA/nAh6b6EH0wCEoK0/mPeXU6c3wKDV83MkOuHPRHtSXKKU99IBazS/2w=="
    },
    "node_modules/tsx": {
      "version": "4.20.3",
      "resolved": "https://registry.npmjs.org/tsx/-/tsx-4.20.3.tgz",
      "integrity": "sha512-qjbnuR9Tr+FJOMBqJCW5ehvIo/buZq7vH7qD7JziU98h6l3qGy0a/yPFjwO+y0/T7GFpNgNAvEcPPVfyT8rrPQ==",
      "dev": true,
      "dependencies": {
        "esbuild": "~0.25.0",
        "get-tsconfig": "^4.7.5"
      },
      "bin": {
        "tsx": "dist/cli.mjs"
      },
      "engines": {
        "node": ">=18.0.0"
      },
      "optionalDependencies": {
        "fsevents": "~2.3.3"
      }
    },
    "node_modules/type-fest": {
      "version": "4.41.0",
      "resolved": "https://registry.npmjs.org/type-fest/-/type-fest-4.41.0.tgz",
      "integrity": "sha512-TeTSQ6H5YHvpqVwBRcnLDCBnDOHWYu7IvGbHT6N8AOymcr9PJGjc1GTtiWZTYg0NCgYwvnYWEkVChQAr9bjfwA==",
      "engines": {
        "node": ">=16"
      },
      "funding": {
        "url": "https://github.com/sponsors/sindresorhus"
      }
    },
    "node_modules/typescript": {
      "version": "5.8.3",
      "resolved": "https://registry.npmjs.org/typescript/-/typescript-5.8.3.tgz",
      "integrity": "sha512-p1diW6TqL9L07nNxvRMM7hMMw4c5XOo/1ibL4aAIGmSAt9slTE1Xgw5KWuof2uTOvCg9BY7ZRi+GaF+7sfgPeQ==",
      "bin": {
        "tsc": "bin/tsc",
        "tsserver": "bin/tsserver"
      },
      "engines": {
        "node": ">=14.17"
      }
    },
    "node_modules/uint8array-extras": {
      "version": "1.4.0",
      "resolved": "https://registry.npmjs.org/uint8array-extras/-/uint8array-extras-1.4.0.tgz",
      "integrity": "sha512-ZPtzy0hu4cZjv3z5NW9gfKnNLjoz4y6uv4HlelAjDK7sY/xOkKZv9xK/WQpcsBB3jEybChz9DPC2U/+cusjJVQ==",
      "peer": true,
      "engines": {
        "node": ">=18"
      },
      "funding": {
        "url": "https://github.com/sponsors/sindresorhus"
      }
    },
    "node_modules/undici-types": {
      "version": "7.8.0",
      "resolved": "https://registry.npmjs.org/undici-types/-/undici-types-7.8.0.tgz",
      "integrity": "sha512-9UJ2xGDvQ43tYyVMpuHlsgApydB8ZKfVYTsLDhXkFL/6gfkp+U8xTGdh8pMJv1SpZna0zxG1DwsKZsreLbXBxw==",
      "dev": true
    },
    "node_modules/wrap-ansi": {
      "version": "7.0.0",
      "resolved": "https://registry.npmjs.org/wrap-ansi/-/wrap-ansi-7.0.0.tgz",
      "integrity": "sha512-YVGIj2kamLSTxw6NsZjoBxfSwsn0ycdesmc4p+Q21c5zPuZ1pl+NfxVdxPtdHvmNVOQ6XSYG4AUtyt/Fi7D16Q==",
      "dependencies": {
        "ansi-styles": "^4.0.0",
        "string-width": "^4.1.0",
        "strip-ansi": "^6.0.0"
      },
      "engines": {
        "node": ">=10"
      },
      "funding": {
        "url": "https://github.com/chalk/wrap-ansi?sponsor=1"
      }
    },
    "node_modules/y18n": {
      "version": "5.0.8",
      "resolved": "https://registry.npmjs.org/y18n/-/y18n-5.0.8.tgz",
      "integrity": "sha512-0pfFzegeDWJHJIAmTLRP2DwHjdF5s7jo9tuztdQxAhINCdvS+3nGINqPd00AphqJR/0LhANUS6/+7SCb98YOfA==",
      "engines": {
        "node": ">=10"
      }
    },
    "node_modules/yargs": {
      "version": "17.7.2",
      "resolved": "https://registry.npmjs.org/yargs/-/yargs-17.7.2.tgz",
      "integrity": "sha512-7dSzzRQ++CKnNI/krKnYRV7JKKPUXMEh61soaHKg9mrWEhzFWhFnxPxGl+69cD1Ou63C13NUPCnmIcrvqCuM6w==",
      "dependencies": {
        "cliui": "^8.0.1",
        "escalade": "^3.1.1",
        "get-caller-file": "^2.0.5",
        "require-directory": "^2.1.1",
        "string-width": "^4.2.3",
        "y18n": "^5.0.5",
        "yargs-parser": "^21.1.1"
      },
      "engines": {
        "node": ">=12"
      }
    },
    "node_modules/yargs-parser": {
      "version": "21.1.1",
      "resolved": "https://registry.npmjs.org/yargs-parser/-/yargs-parser-21.1.1.tgz",
      "integrity": "sha512-tVpsJW7DdjecAiFpbIB1e3qxIQsE6NoPc5/eTdrbbIC4h0LVsWhnoa3g+m2HclBIujHzsxZ4VJVA+GUuc2/LBw==",
      "engines": {
        "node": ">=12"
      }
    },
    "node_modules/zhead": {
      "version": "2.2.4",
      "resolved": "https://registry.npmjs.org/zhead/-/zhead-2.2.4.tgz",
      "integrity": "sha512-8F0OI5dpWIA5IGG5NHUg9staDwz/ZPxZtvGVf01j7vHqSyZ0raHY+78atOVxRqb73AotX22uV1pXt3gYSstGag==",
      "funding": {
        "url": "https://github.com/sponsors/harlan-zw"
      }
    },
    "node_modules/zod": {
      "version": "3.25.76",
      "resolved": "https://registry.npmjs.org/zod/-/zod-3.25.76.tgz",
      "integrity": "sha512-gzUt/qt81nXsFGKIFcC3YnfEAx5NkunCfnDlvuBSSFS02bcXu4Lmea0AFIUwbLWxWPx3d9p8S5QoaujKcNQxcQ==",
      "funding": {
        "url": "https://github.com/sponsors/colinhacks"
      }
    }
  }
}
